schema: '2.0'
stages:
  train:
    cmd: python train.py
    deps:
    - path: data/iris_data.csv
      hash: md5
      md5: d7b6a302799fc56bc5d2ddb0cc4b961d
      size: 2604
    - path: train.py
      hash: md5
      md5: 4814fbe90769633df5769ebfada141e2
      size: 1032
    outs:
    - path: model.pkl
      hash: md5
      md5: 26cd749d567402605bec4c91b934c154
      size: 41088
